// !$*UTF8*$!
{
	archiveVersion = 1;
	classes = {
	};
	objectVersion = 56;
	objects = {

/* Begin PBXBuildFile section */
		012CF2582AB29C5D0098BAE3 /* AppDelegate.m in Sources */ = {isa = PBXBuildFile; fileRef = 012CF2572AB29C5D0098BAE3 /* AppDelegate.m */; };
		012CF25B2AB29C5D0098BAE3 /* SceneDelegate.m in Sources */ = {isa = PBXBuildFile; fileRef = 012CF25A2AB29C5D0098BAE3 /* SceneDelegate.m */; };
		012CF25E2AB29C5D0098BAE3 /* ViewController.m in Sources */ = {isa = PBXBuildFile; fileRef = 012CF25D2AB29C5D0098BAE3 /* ViewController.m */; };
		012CF2612AB29C5D0098BAE3 /* Main.storyboard in Resources */ = {isa = PBXBuildFile; fileRef = 012CF25F2AB29C5D0098BAE3 /* Main.storyboard */; };
		012CF2632AB29C5F0098BAE3 /* Assets.xcassets in Resources */ = {isa = PBXBuildFile; fileRef = 012CF2622AB29C5F0098BAE3 /* Assets.xcassets */; };
		012CF2662AB29C5F0098BAE3 /* LaunchScreen.storyboard in Resources */ = {isa = PBXBuildFile; fileRef = 012CF2642AB29C5F0098BAE3 /* LaunchScreen.storyboard */; };
		012CF2692AB29C5F0098BAE3 /* main.m in Sources */ = {isa = PBXBuildFile; fileRef = 012CF2682AB29C5F0098BAE3 /* main.m */; };
		014AC8522AB82AD500987570 /* VrDisconcertCookeryViewController.m in Sources */ = {isa = PBXBuildFile; fileRef = 014AC8172AB82AD400987570 /* VrDisconcertCookeryViewController.m */; };
		014AC8532AB82AD500987570 /* StdiosDistraitManager.m in Sources */ = {isa = PBXBuildFile; fileRef = 014AC8182AB82AD400987570 /* StdiosDistraitManager.m */; };
		014AC8542AB82AD500987570 /* DstrctiblSlatyCoccyxViewController.m in Sources */ = {isa = PBXBuildFile; fileRef = 014AC8192AB82AD400987570 /* DstrctiblSlatyCoccyxViewController.m */; };
		014AC8552AB82AD500987570 /* GodhadSlatyDuesModel.m in Sources */ = {isa = PBXBuildFile; fileRef = 014AC81B2AB82AD400987570 /* GodhadSlatyDuesModel.m */; };
		014AC8562AB82AD500987570 /* AirflowConvincVainly.m in Sources */ = {isa = PBXBuildFile; fileRef = 014AC81D2AB82AD400987570 /* AirflowConvincVainly.m */; };
		014AC8572AB82AD500987570 /* BlondExtantSisterly.m in Sources */ = {isa = PBXBuildFile; fileRef = 014AC81E2AB82AD400987570 /* BlondExtantSisterly.m */; };
		014AC8582AB82AD500987570 /* VrCompellHawker.m in Sources */ = {isa = PBXBuildFile; fileRef = 014AC8222AB82AD400987570 /* VrCompellHawker.m */; };
		014AC8592AB82AD500987570 /* GophrBakehouseWreathManager.m in Sources */ = {isa = PBXBuildFile; fileRef = 014AC8232AB82AD400987570 /* GophrBakehouseWreathManager.m */; };
		014AC85A2AB82AD500987570 /* NlavndVasodilationManager.m in Sources */ = {isa = PBXBuildFile; fileRef = 014AC8272AB82AD400987570 /* NlavndVasodilationManager.m */; };
		014AC85B2AB82AD500987570 /* ObsExtantPlunkView.m in Sources */ = {isa = PBXBuildFile; fileRef = 014AC8282AB82AD400987570 /* ObsExtantPlunkView.m */; };
		014AC85C2AB82AD500987570 /* GophrDeftQuadrantManager.m in Sources */ = {isa = PBXBuildFile; fileRef = 014AC8292AB82AD400987570 /* GophrDeftQuadrantManager.m */; };
		014AC85D2AB82AD500987570 /* NionStraightenSnatchView.m in Sources */ = {isa = PBXBuildFile; fileRef = 014AC82C2AB82AD400987570 /* NionStraightenSnatchView.m */; };
		014AC85E2AB82AD500987570 /* LayttLegalisticController.m in Sources */ = {isa = PBXBuildFile; fileRef = 014AC82D2AB82AD400987570 /* LayttLegalisticController.m */; };
		014AC85F2AB82AD500987570 /* VrVisuallyReworkView.m in Sources */ = {isa = PBXBuildFile; fileRef = 014AC8302AB82AD500987570 /* VrVisuallyReworkView.m */; };
		014AC8602AB82AD500987570 /* StdiosFlipperJitteryModel.m in Sources */ = {isa = PBXBuildFile; fileRef = 014AC8322AB82AD500987570 /* StdiosFlipperJitteryModel.m */; };
		014AC8612AB82AD500987570 /* BlondFixCharbroilView.m in Sources */ = {isa = PBXBuildFile; fileRef = 014AC8332AB82AD500987570 /* BlondFixCharbroilView.m */; };
		014AC8622AB82AD500987570 /* NdrdonScathSubsistModel.m in Sources */ = {isa = PBXBuildFile; fileRef = 014AC8382AB82AD500987570 /* NdrdonScathSubsistModel.m */; };
		014AC8632AB82AD500987570 /* NdrdonEngagedSupineView.m in Sources */ = {isa = PBXBuildFile; fileRef = 014AC8422AB82AD500987570 /* NdrdonEngagedSupineView.m */; };
		014AC8642AB82AD500987570 /* NlavndFixSeriouslyManager.m in Sources */ = {isa = PBXBuildFile; fileRef = 014AC8462AB82AD500987570 /* NlavndFixSeriouslyManager.m */; };
		014AC8652AB82AD500987570 /* MothballAimlesslyCell.m in Sources */ = {isa = PBXBuildFile; fileRef = 014AC8472AB82AD500987570 /* MothballAimlesslyCell.m */; };
		014AC8662AB82AD500987570 /* FryNuptialsEvaluatorView.m in Sources */ = {isa = PBXBuildFile; fileRef = 014AC8482AB82AD500987570 /* FryNuptialsEvaluatorView.m */; };
		014AC8672AB82AD500987570 /* RadicatDownscaleManager.m in Sources */ = {isa = PBXBuildFile; fileRef = 014AC8492AB82AD500987570 /* RadicatDownscaleManager.m */; };
		014AC8682AB82AD500987570 /* TrivialityPlungView.m in Sources */ = {isa = PBXBuildFile; fileRef = 014AC84A2AB82AD500987570 /* TrivialityPlungView.m */; };
		014AC8692AB82AD500987570 /* LayttGeothermalGerly.m in Sources */ = {isa = PBXBuildFile; fileRef = 014AC84B2AB82AD500987570 /* LayttGeothermalGerly.m */; };
		014AC86A2AB82AD500987570 /* NlavndPaedophiliaZon.m in Sources */ = {isa = PBXBuildFile; fileRef = 014AC84C2AB82AD500987570 /* NlavndPaedophiliaZon.m */; };
		014AC86B2AB82AD500987570 /* PrognitorFledgeManager.m in Sources */ = {isa = PBXBuildFile; fileRef = 014AC84D2AB82AD500987570 /* PrognitorFledgeManager.m */; };
		014AC86C2AB82AD500987570 /* ObsConsciousCell.m in Sources */ = {isa = PBXBuildFile; fileRef = 014AC84E2AB82AD500987570 /* ObsConsciousCell.m */; };
		014AC86D2AB82AD500987570 /* LayttAbjectOffloadView.m in Sources */ = {isa = PBXBuildFile; fileRef = 014AC84F2AB82AD500987570 /* LayttAbjectOffloadView.m */; };
		014AC86E2AB82AD500987570 /* MothballTransgenderView.m in Sources */ = {isa = PBXBuildFile; fileRef = 014AC8502AB82AD500987570 /* MothballTransgenderView.m */; };
		6C6D4E2A8966EF494220043F /* Pods_Runner.framework in Frameworks */ = {isa = PBXBuildFile; fileRef = C0988C75D0BCBA89E353F2D9 /* Pods_Runner.framework */; };
/* End PBXBuildFile section */

/* Begin PBXFileReference section */
		012CF2532AB29C5D0098BAE3 /* Runner.app */ = {isa = PBXFileReference; explicitFileType = wrapper.application; includeInIndex = 0; path = Runner.app; sourceTree = BUILT_PRODUCTS_DIR; };
		012CF2562AB29C5D0098BAE3 /* AppDelegate.h */ = {isa = PBXFileReference; lastKnownFileType = sourcecode.c.h; path = AppDelegate.h; sourceTree = "<group>"; };
		012CF2572AB29C5D0098BAE3 /* AppDelegate.m */ = {isa = PBXFileReference; lastKnownFileType = sourcecode.c.objc; path = AppDelegate.m; sourceTree = "<group>"; };
		012CF2592AB29C5D0098BAE3 /* SceneDelegate.h */ = {isa = PBXFileReference; lastKnownFileType = sourcecode.c.h; path = SceneDelegate.h; sourceTree = "<group>"; };
		012CF25A2AB29C5D0098BAE3 /* SceneDelegate.m */ = {isa = PBXFileReference; lastKnownFileType = sourcecode.c.objc; path = SceneDelegate.m; sourceTree = "<group>"; };
		012CF25C2AB29C5D0098BAE3 /* ViewController.h */ = {isa = PBXFileReference; lastKnownFileType = sourcecode.c.h; path = ViewController.h; sourceTree = "<group>"; };
		012CF25D2AB29C5D0098BAE3 /* ViewController.m */ = {isa = PBXFileReference; lastKnownFileType = sourcecode.c.objc; path = ViewController.m; sourceTree = "<group>"; };
		012CF2602AB29C5D0098BAE3 /* Base */ = {isa = PBXFileReference; lastKnownFileType = file.storyboard; name = Base; path = Base.lproj/Main.storyboard; sourceTree = "<group>"; };
		012CF2622AB29C5F0098BAE3 /* Assets.xcassets */ = {isa = PBXFileReference; lastKnownFileType = folder.assetcatalog; path = Assets.xcassets; sourceTree = "<group>"; };
		012CF2652AB29C5F0098BAE3 /* Base */ = {isa = PBXFileReference; lastKnownFileType = file.storyboard; name = Base; path = Base.lproj/LaunchScreen.storyboard; sourceTree = "<group>"; };
		012CF2672AB29C5F0098BAE3 /* Info.plist */ = {isa = PBXFileReference; lastKnownFileType = text.plist.xml; path = Info.plist; sourceTree = "<group>"; };
		012CF2682AB29C5F0098BAE3 /* main.m */ = {isa = PBXFileReference; lastKnownFileType = sourcecode.c.objc; path = main.m; sourceTree = "<group>"; };
		012CF2D52AB2AD120098BAE3 /* PrefixHeader.pch */ = {isa = PBXFileReference; fileEncoding = 4; lastKnownFileType = sourcecode.c.h; path = PrefixHeader.pch; sourceTree = SOURCE_ROOT; };
		014AC8142AB82AD400987570 /* StdiosDistraitManager.h */ = {isa = PBXFileReference; fileEncoding = 4; lastKnownFileType = sourcecode.c.h; path = StdiosDistraitManager.h; sourceTree = "<group>"; };
		014AC8152AB82AD400987570 /* GodhadSlatyDuesModel.h */ = {isa = PBXFileReference; fileEncoding = 4; lastKnownFileType = sourcecode.c.h; path = GodhadSlatyDuesModel.h; sourceTree = "<group>"; };
		014AC8162AB82AD400987570 /* DstrctiblSlatyCoccyxViewController.h */ = {isa = PBXFileReference; fileEncoding = 4; lastKnownFileType = sourcecode.c.h; path = DstrctiblSlatyCoccyxViewController.h; sourceTree = "<group>"; };
		014AC8172AB82AD400987570 /* VrDisconcertCookeryViewController.m */ = {isa = PBXFileReference; fileEncoding = 4; lastKnownFileType = sourcecode.c.objc; path = VrDisconcertCookeryViewController.m; sourceTree = "<group>"; };
		014AC8182AB82AD400987570 /* StdiosDistraitManager.m */ = {isa = PBXFileReference; fileEncoding = 4; lastKnownFileType = sourcecode.c.objc; path = StdiosDistraitManager.m; sourceTree = "<group>"; };
		014AC8192AB82AD400987570 /* DstrctiblSlatyCoccyxViewController.m */ = {isa = PBXFileReference; fileEncoding = 4; lastKnownFileType = sourcecode.c.objc; path = DstrctiblSlatyCoccyxViewController.m; sourceTree = "<group>"; };
		014AC81A2AB82AD400987570 /* VrDisconcertCookeryViewController.h */ = {isa = PBXFileReference; fileEncoding = 4; lastKnownFileType = sourcecode.c.h; path = VrDisconcertCookeryViewController.h; sourceTree = "<group>"; };
		014AC81B2AB82AD400987570 /* GodhadSlatyDuesModel.m */ = {isa = PBXFileReference; fileEncoding = 4; lastKnownFileType = sourcecode.c.objc; path = GodhadSlatyDuesModel.m; sourceTree = "<group>"; };
		014AC81D2AB82AD400987570 /* AirflowConvincVainly.m */ = {isa = PBXFileReference; fileEncoding = 4; lastKnownFileType = sourcecode.c.objc; path = AirflowConvincVainly.m; sourceTree = "<group>"; };
		014AC81E2AB82AD400987570 /* BlondExtantSisterly.m */ = {isa = PBXFileReference; fileEncoding = 4; lastKnownFileType = sourcecode.c.objc; path = BlondExtantSisterly.m; sourceTree = "<group>"; };
		014AC81F2AB82AD400987570 /* GophrBakehouseWreathManager.h */ = {isa = PBXFileReference; fileEncoding = 4; lastKnownFileType = sourcecode.c.h; path = GophrBakehouseWreathManager.h; sourceTree = "<group>"; };
		014AC8202AB82AD400987570 /* VrCompellHawker.h */ = {isa = PBXFileReference; fileEncoding = 4; lastKnownFileType = sourcecode.c.h; path = VrCompellHawker.h; sourceTree = "<group>"; };
		014AC8212AB82AD400987570 /* AirflowConvincVainly.h */ = {isa = PBXFileReference; fileEncoding = 4; lastKnownFileType = sourcecode.c.h; path = AirflowConvincVainly.h; sourceTree = "<group>"; };
		014AC8222AB82AD400987570 /* VrCompellHawker.m */ = {isa = PBXFileReference; fileEncoding = 4; lastKnownFileType = sourcecode.c.objc; path = VrCompellHawker.m; sourceTree = "<group>"; };
		014AC8232AB82AD400987570 /* GophrBakehouseWreathManager.m */ = {isa = PBXFileReference; fileEncoding = 4; lastKnownFileType = sourcecode.c.objc; path = GophrBakehouseWreathManager.m; sourceTree = "<group>"; };
		014AC8242AB82AD400987570 /* BlondExtantSisterly.h */ = {isa = PBXFileReference; fileEncoding = 4; lastKnownFileType = sourcecode.c.h; path = BlondExtantSisterly.h; sourceTree = "<group>"; };
		014AC8262AB82AD400987570 /* VrVisuallyReworkView.h */ = {isa = PBXFileReference; fileEncoding = 4; lastKnownFileType = sourcecode.c.h; path = VrVisuallyReworkView.h; sourceTree = "<group>"; };
		014AC8272AB82AD400987570 /* NlavndVasodilationManager.m */ = {isa = PBXFileReference; fileEncoding = 4; lastKnownFileType = sourcecode.c.objc; path = NlavndVasodilationManager.m; sourceTree = "<group>"; };
		014AC8282AB82AD400987570 /* ObsExtantPlunkView.m */ = {isa = PBXFileReference; fileEncoding = 4; lastKnownFileType = sourcecode.c.objc; path = ObsExtantPlunkView.m; sourceTree = "<group>"; };
		014AC8292AB82AD400987570 /* GophrDeftQuadrantManager.m */ = {isa = PBXFileReference; fileEncoding = 4; lastKnownFileType = sourcecode.c.objc; path = GophrDeftQuadrantManager.m; sourceTree = "<group>"; };
		014AC82A2AB82AD400987570 /* BlondFixCharbroilView.h */ = {isa = PBXFileReference; fileEncoding = 4; lastKnownFileType = sourcecode.c.h; path = BlondFixCharbroilView.h; sourceTree = "<group>"; };
		014AC82B2AB82AD400987570 /* StdiosFlipperJitteryModel.h */ = {isa = PBXFileReference; fileEncoding = 4; lastKnownFileType = sourcecode.c.h; path = StdiosFlipperJitteryModel.h; sourceTree = "<group>"; };
		014AC82C2AB82AD400987570 /* NionStraightenSnatchView.m */ = {isa = PBXFileReference; fileEncoding = 4; lastKnownFileType = sourcecode.c.objc; path = NionStraightenSnatchView.m; sourceTree = "<group>"; };
		014AC82D2AB82AD400987570 /* LayttLegalisticController.m */ = {isa = PBXFileReference; fileEncoding = 4; lastKnownFileType = sourcecode.c.objc; path = LayttLegalisticController.m; sourceTree = "<group>"; };
		014AC82E2AB82AD400987570 /* ObsExtantPlunkView.h */ = {isa = PBXFileReference; fileEncoding = 4; lastKnownFileType = sourcecode.c.h; path = ObsExtantPlunkView.h; sourceTree = "<group>"; };
		014AC82F2AB82AD500987570 /* NlavndVasodilationManager.h */ = {isa = PBXFileReference; fileEncoding = 4; lastKnownFileType = sourcecode.c.h; path = NlavndVasodilationManager.h; sourceTree = "<group>"; };
		014AC8302AB82AD500987570 /* VrVisuallyReworkView.m */ = {isa = PBXFileReference; fileEncoding = 4; lastKnownFileType = sourcecode.c.objc; path = VrVisuallyReworkView.m; sourceTree = "<group>"; };
		014AC8312AB82AD500987570 /* NionStraightenSnatchView.h */ = {isa = PBXFileReference; fileEncoding = 4; lastKnownFileType = sourcecode.c.h; path = NionStraightenSnatchView.h; sourceTree = "<group>"; };
		014AC8322AB82AD500987570 /* StdiosFlipperJitteryModel.m */ = {isa = PBXFileReference; fileEncoding = 4; lastKnownFileType = sourcecode.c.objc; path = StdiosFlipperJitteryModel.m; sourceTree = "<group>"; };
		014AC8332AB82AD500987570 /* BlondFixCharbroilView.m */ = {isa = PBXFileReference; fileEncoding = 4; lastKnownFileType = sourcecode.c.objc; path = BlondFixCharbroilView.m; sourceTree = "<group>"; };
		014AC8342AB82AD500987570 /* GophrDeftQuadrantManager.h */ = {isa = PBXFileReference; fileEncoding = 4; lastKnownFileType = sourcecode.c.h; path = GophrDeftQuadrantManager.h; sourceTree = "<group>"; };
		014AC8352AB82AD500987570 /* LayttLegalisticController.h */ = {isa = PBXFileReference; fileEncoding = 4; lastKnownFileType = sourcecode.c.h; path = LayttLegalisticController.h; sourceTree = "<group>"; };
		014AC8372AB82AD500987570 /* NdrdonScathSubsistModel.h */ = {isa = PBXFileReference; fileEncoding = 4; lastKnownFileType = sourcecode.c.h; path = NdrdonScathSubsistModel.h; sourceTree = "<group>"; };
		014AC8382AB82AD500987570 /* NdrdonScathSubsistModel.m */ = {isa = PBXFileReference; fileEncoding = 4; lastKnownFileType = sourcecode.c.objc; path = NdrdonScathSubsistModel.m; sourceTree = "<group>"; };
		014AC83A2AB82AD500987570 /* MothballAimlesslyCell.h */ = {isa = PBXFileReference; fileEncoding = 4; lastKnownFileType = sourcecode.c.h; path = MothballAimlesslyCell.h; sourceTree = "<group>"; };
		014AC83B2AB82AD500987570 /* NlavndFixSeriouslyManager.h */ = {isa = PBXFileReference; fileEncoding = 4; lastKnownFileType = sourcecode.c.h; path = NlavndFixSeriouslyManager.h; sourceTree = "<group>"; };
		014AC83C2AB82AD500987570 /* RadicatDownscaleManager.h */ = {isa = PBXFileReference; fileEncoding = 4; lastKnownFileType = sourcecode.c.h; path = RadicatDownscaleManager.h; sourceTree = "<group>"; };
		014AC83D2AB82AD500987570 /* FryNuptialsEvaluatorView.h */ = {isa = PBXFileReference; fileEncoding = 4; lastKnownFileType = sourcecode.c.h; path = FryNuptialsEvaluatorView.h; sourceTree = "<group>"; };
		014AC83E2AB82AD500987570 /* TrivialityPlungView.h */ = {isa = PBXFileReference; fileEncoding = 4; lastKnownFileType = sourcecode.c.h; path = TrivialityPlungView.h; sourceTree = "<group>"; };
		014AC83F2AB82AD500987570 /* PrognitorFledgeManager.h */ = {isa = PBXFileReference; fileEncoding = 4; lastKnownFileType = sourcecode.c.h; path = PrognitorFledgeManager.h; sourceTree = "<group>"; };
		014AC8402AB82AD500987570 /* NlavndPaedophiliaZon.h */ = {isa = PBXFileReference; fileEncoding = 4; lastKnownFileType = sourcecode.c.h; path = NlavndPaedophiliaZon.h; sourceTree = "<group>"; };
		014AC8412AB82AD500987570 /* LayttGeothermalGerly.h */ = {isa = PBXFileReference; fileEncoding = 4; lastKnownFileType = sourcecode.c.h; path = LayttGeothermalGerly.h; sourceTree = "<group>"; };
		014AC8422AB82AD500987570 /* NdrdonEngagedSupineView.m */ = {isa = PBXFileReference; fileEncoding = 4; lastKnownFileType = sourcecode.c.objc; path = NdrdonEngagedSupineView.m; sourceTree = "<group>"; };
		014AC8432AB82AD500987570 /* MothballTransgenderView.h */ = {isa = PBXFileReference; fileEncoding = 4; lastKnownFileType = sourcecode.c.h; path = MothballTransgenderView.h; sourceTree = "<group>"; };
		014AC8442AB82AD500987570 /* LayttAbjectOffloadView.h */ = {isa = PBXFileReference; fileEncoding = 4; lastKnownFileType = sourcecode.c.h; path = LayttAbjectOffloadView.h; sourceTree = "<group>"; };
		014AC8452AB82AD500987570 /* ObsConsciousCell.h */ = {isa = PBXFileReference; fileEncoding = 4; lastKnownFileType = sourcecode.c.h; path = ObsConsciousCell.h; sourceTree = "<group>"; };
		014AC8462AB82AD500987570 /* NlavndFixSeriouslyManager.m */ = {isa = PBXFileReference; fileEncoding = 4; lastKnownFileType = sourcecode.c.objc; path = NlavndFixSeriouslyManager.m; sourceTree = "<group>"; };
		014AC8472AB82AD500987570 /* MothballAimlesslyCell.m */ = {isa = PBXFileReference; fileEncoding = 4; lastKnownFileType = sourcecode.c.objc; path = MothballAimlesslyCell.m; sourceTree = "<group>"; };
		014AC8482AB82AD500987570 /* FryNuptialsEvaluatorView.m */ = {isa = PBXFileReference; fileEncoding = 4; lastKnownFileType = sourcecode.c.objc; path = FryNuptialsEvaluatorView.m; sourceTree = "<group>"; };
		014AC8492AB82AD500987570 /* RadicatDownscaleManager.m */ = {isa = PBXFileReference; fileEncoding = 4; lastKnownFileType = sourcecode.c.objc; path = RadicatDownscaleManager.m; sourceTree = "<group>"; };
		014AC84A2AB82AD500987570 /* TrivialityPlungView.m */ = {isa = PBXFileReference; fileEncoding = 4; lastKnownFileType = sourcecode.c.objc; path = TrivialityPlungView.m; sourceTree = "<group>"; };
		014AC84B2AB82AD500987570 /* LayttGeothermalGerly.m */ = {isa = PBXFileReference; fileEncoding = 4; lastKnownFileType = sourcecode.c.objc; path = LayttGeothermalGerly.m; sourceTree = "<group>"; };
		014AC84C2AB82AD500987570 /* NlavndPaedophiliaZon.m */ = {isa = PBXFileReference; fileEncoding = 4; lastKnownFileType = sourcecode.c.objc; path = NlavndPaedophiliaZon.m; sourceTree = "<group>"; };
		014AC84D2AB82AD500987570 /* PrognitorFledgeManager.m */ = {isa = PBXFileReference; fileEncoding = 4; lastKnownFileType = sourcecode.c.objc; path = PrognitorFledgeManager.m; sourceTree = "<group>"; };
		014AC84E2AB82AD500987570 /* ObsConsciousCell.m */ = {isa = PBXFileReference; fileEncoding = 4; lastKnownFileType = sourcecode.c.objc; path = ObsConsciousCell.m; sourceTree = "<group>"; };
		014AC84F2AB82AD500987570 /* LayttAbjectOffloadView.m */ = {isa = PBXFileReference; fileEncoding = 4; lastKnownFileType = sourcecode.c.objc; path = LayttAbjectOffloadView.m; sourceTree = "<group>"; };
		014AC8502AB82AD500987570 /* MothballTransgenderView.m */ = {isa = PBXFileReference; fileEncoding = 4; lastKnownFileType = sourcecode.c.objc; path = MothballTransgenderView.m; sourceTree = "<group>"; };
		014AC8512AB82AD500987570 /* NdrdonEngagedSupineView.h */ = {isa = PBXFileReference; fileEncoding = 4; lastKnownFileType = sourcecode.c.h; path = NdrdonEngagedSupineView.h; sourceTree = "<group>"; };
		0E4CC65C7F022335ACBCF091 /* Pods-Runner.release.xcconfig */ = {isa = PBXFileReference; includeInIndex = 1; lastKnownFileType = text.xcconfig; name = "Pods-Runner.release.xcconfig"; path = "Target Support Files/Pods-Runner/Pods-Runner.release.xcconfig"; sourceTree = "<group>"; };
		5A05D6E401300E8D195FC034 /* Pods-Runner.debug.xcconfig */ = {isa = PBXFileReference; includeInIndex = 1; lastKnownFileType = text.xcconfig; name = "Pods-Runner.debug.xcconfig"; path = "Target Support Files/Pods-Runner/Pods-Runner.debug.xcconfig"; sourceTree = "<group>"; };
		C0988C75D0BCBA89E353F2D9 /* Pods_Runner.framework */ = {isa = PBXFileReference; explicitFileType = wrapper.framework; includeInIndex = 0; path = Pods_Runner.framework; sourceTree = BUILT_PRODUCTS_DIR; };
/* End PBXFileReference section */

/* Begin PBXFrameworksBuildPhase section */
		012CF2502AB29C5D0098BAE3 /* Frameworks */ = {
			isa = PBXFrameworksBuildPhase;
			buildActionMask = 2147483647;
			files = (
				6C6D4E2A8966EF494220043F /* Pods_Runner.framework in Frameworks */,
			);
			runOnlyForDeploymentPostprocessing = 0;
		};
/* End PBXFrameworksBuildPhase section */

/* Begin PBXGroup section */
		012CF24A2AB29C5D0098BAE3 = {
			isa = PBXGroup;
			children = (
				012CF2552AB29C5D0098BAE3 /* Runner */,
				012CF2542AB29C5D0098BAE3 /* Products */,
				C1E8D53530F3FDA770C6F3B8 /* Pods */,
				E81BF0A784D92C62711FFCE7 /* Frameworks */,
			);
			sourceTree = "<group>";
		};
		012CF2542AB29C5D0098BAE3 /* Products */ = {
			isa = PBXGroup;
			children = (
				012CF2532AB29C5D0098BAE3 /* Runner.app */,
			);
			name = Products;
			sourceTree = "<group>";
		};
		012CF2552AB29C5D0098BAE3 /* Runner */ = {
			isa = PBXGroup;
			children = (
				014AC8122AB82AD400987570 /* Classes */,
				012CF2562AB29C5D0098BAE3 /* AppDelegate.h */,
				012CF2572AB29C5D0098BAE3 /* AppDelegate.m */,
				012CF2592AB29C5D0098BAE3 /* SceneDelegate.h */,
				012CF25A2AB29C5D0098BAE3 /* SceneDelegate.m */,
				012CF25C2AB29C5D0098BAE3 /* ViewController.h */,
				012CF25D2AB29C5D0098BAE3 /* ViewController.m */,
				012CF2D52AB2AD120098BAE3 /* PrefixHeader.pch */,
				012CF25F2AB29C5D0098BAE3 /* Main.storyboard */,
				012CF2622AB29C5F0098BAE3 /* Assets.xcassets */,
				012CF2642AB29C5F0098BAE3 /* LaunchScreen.storyboard */,
				012CF2672AB29C5F0098BAE3 /* Info.plist */,
				012CF2682AB29C5F0098BAE3 /* main.m */,
			);
			path = Runner;
			sourceTree = "<group>";
		};
		014AC8122AB82AD400987570 /* Classes */ = {
			isa = PBXGroup;
			children = (
				014AC8212AB82AD400987570 /* AirflowConvincVainly.h */,
				014AC81D2AB82AD400987570 /* AirflowConvincVainly.m */,
				014AC8242AB82AD400987570 /* BlondExtantSisterly.h */,
				014AC81E2AB82AD400987570 /* BlondExtantSisterly.m */,
				014AC82A2AB82AD400987570 /* BlondFixCharbroilView.h */,
				014AC8332AB82AD500987570 /* BlondFixCharbroilView.m */,
				014AC8162AB82AD400987570 /* DstrctiblSlatyCoccyxViewController.h */,
				014AC8192AB82AD400987570 /* DstrctiblSlatyCoccyxViewController.m */,
				014AC83D2AB82AD500987570 /* FryNuptialsEvaluatorView.h */,
				014AC8482AB82AD500987570 /* FryNuptialsEvaluatorView.m */,
				014AC8152AB82AD400987570 /* GodhadSlatyDuesModel.h */,
				014AC81B2AB82AD400987570 /* GodhadSlatyDuesModel.m */,
				014AC81F2AB82AD400987570 /* GophrBakehouseWreathManager.h */,
				014AC8232AB82AD400987570 /* GophrBakehouseWreathManager.m */,
				014AC8342AB82AD500987570 /* GophrDeftQuadrantManager.h */,
				014AC8292AB82AD400987570 /* GophrDeftQuadrantManager.m */,
				014AC8442AB82AD500987570 /* LayttAbjectOffloadView.h */,
				014AC84F2AB82AD500987570 /* LayttAbjectOffloadView.m */,
				014AC8412AB82AD500987570 /* LayttGeothermalGerly.h */,
				014AC84B2AB82AD500987570 /* LayttGeothermalGerly.m */,
				014AC8352AB82AD500987570 /* LayttLegalisticController.h */,
				014AC82D2AB82AD400987570 /* LayttLegalisticController.m */,
				014AC83A2AB82AD500987570 /* MothballAimlesslyCell.h */,
				014AC8472AB82AD500987570 /* MothballAimlesslyCell.m */,
				014AC8432AB82AD500987570 /* MothballTransgenderView.h */,
				014AC8502AB82AD500987570 /* MothballTransgenderView.m */,
				014AC8512AB82AD500987570 /* NdrdonEngagedSupineView.h */,
				014AC8422AB82AD500987570 /* NdrdonEngagedSupineView.m */,
				014AC8372AB82AD500987570 /* NdrdonScathSubsistModel.h */,
				014AC8382AB82AD500987570 /* NdrdonScathSubsistModel.m */,
				014AC8312AB82AD500987570 /* NionStraightenSnatchView.h */,
				014AC82C2AB82AD400987570 /* NionStraightenSnatchView.m */,
				014AC83B2AB82AD500987570 /* NlavndFixSeriouslyManager.h */,
				014AC8462AB82AD500987570 /* NlavndFixSeriouslyManager.m */,
				014AC8402AB82AD500987570 /* NlavndPaedophiliaZon.h */,
				014AC84C2AB82AD500987570 /* NlavndPaedophiliaZon.m */,
				014AC82F2AB82AD500987570 /* NlavndVasodilationManager.h */,
				014AC8272AB82AD400987570 /* NlavndVasodilationManager.m */,
				014AC8452AB82AD500987570 /* ObsConsciousCell.h */,
				014AC84E2AB82AD500987570 /* ObsConsciousCell.m */,
				014AC82E2AB82AD400987570 /* ObsExtantPlunkView.h */,
				014AC8282AB82AD400987570 /* ObsExtantPlunkView.m */,
				014AC83F2AB82AD500987570 /* PrognitorFledgeManager.h */,
				014AC84D2AB82AD500987570 /* PrognitorFledgeManager.m */,
				014AC83C2AB82AD500987570 /* RadicatDownscaleManager.h */,
				014AC8492AB82AD500987570 /* RadicatDownscaleManager.m */,
				014AC8142AB82AD400987570 /* StdiosDistraitManager.h */,
				014AC8182AB82AD400987570 /* StdiosDistraitManager.m */,
				014AC82B2AB82AD400987570 /* StdiosFlipperJitteryModel.h */,
				014AC8322AB82AD500987570 /* StdiosFlipperJitteryModel.m */,
				014AC83E2AB82AD500987570 /* TrivialityPlungView.h */,
				014AC84A2AB82AD500987570 /* TrivialityPlungView.m */,
				014AC8202AB82AD400987570 /* VrCompellHawker.h */,
				014AC8222AB82AD400987570 /* VrCompellHawker.m */,
				014AC81A2AB82AD400987570 /* VrDisconcertCookeryViewController.h */,
				014AC8172AB82AD400987570 /* VrDisconcertCookeryViewController.m */,
				014AC8262AB82AD400987570 /* VrVisuallyReworkView.h */,
				014AC8302AB82AD500987570 /* VrVisuallyReworkView.m */,
			);
			path = Classes;
			sourceTree = SOURCE_ROOT;
		};
		C1E8D53530F3FDA770C6F3B8 /* Pods */ = {
			isa = PBXGroup;
			children = (
				5A05D6E401300E8D195FC034 /* Pods-Runner.debug.xcconfig */,
				0E4CC65C7F022335ACBCF091 /* Pods-Runner.release.xcconfig */,
			);
			path = Pods;
			sourceTree = "<group>";
		};
		E81BF0A784D92C62711FFCE7 /* Frameworks */ = {
			isa = PBXGroup;
			children = (
				C0988C75D0BCBA89E353F2D9 /* Pods_Runner.framework */,
			);
			name = Frameworks;
			sourceTree = "<group>";
		};
/* End PBXGroup section */

/* Begin PBXNativeTarget section */
		012CF2522AB29C5D0098BAE3 /* Runner */ = {
			isa = PBXNativeTarget;
			buildConfigurationList = 012CF26C2AB29C5F0098BAE3 /* Build configuration list for PBXNativeTarget "Runner" */;
			buildPhases = (
				0E75B3C50E01A771379F2B16 /* [CP] Check Pods Manifest.lock */,
				012CF24F2AB29C5D0098BAE3 /* Sources */,
				012CF2502AB29C5D0098BAE3 /* Frameworks */,
				012CF2512AB29C5D0098BAE3 /* Resources */,
				5CD1B042D637B3A3AE1F32C8 /* [CP] Embed Pods Frameworks */,
			);
			buildRules = (
			);
			dependencies = (
			);
			name = Runner;
			productName = Runner;
			productReference = 012CF2532AB29C5D0098BAE3 /* Runner.app */;
			productType = "com.apple.product-type.application";
		};
/* End PBXNativeTarget section */

/* Begin PBXProject section */
		012CF24B2AB29C5D0098BAE3 /* Project object */ = {
			isa = PBXProject;
			attributes = {
				BuildIndependentTargetsInParallel = 1;
				LastUpgradeCheck = 1430;
				TargetAttributes = {
					012CF2522AB29C5D0098BAE3 = {
						CreatedOnToolsVersion = 14.3;
					};
				};
			};
			buildConfigurationList = 012CF24E2AB29C5D0098BAE3 /* Build configuration list for PBXProject "Runner" */;
			compatibilityVersion = "Xcode 14.0";
			developmentRegion = en;
			hasScannedForEncodings = 0;
			knownRegions = (
				en,
				Base,
			);
			mainGroup = 012CF24A2AB29C5D0098BAE3;
			productRefGroup = 012CF2542AB29C5D0098BAE3 /* Products */;
			projectDirPath = "";
			projectRoot = "";
			targets = (
				012CF2522AB29C5D0098BAE3 /* Runner */,
			);
		};
/* End PBXProject section */

/* Begin PBXResourcesBuildPhase section */
		012CF2512AB29C5D0098BAE3 /* Resources */ = {
			isa = PBXResourcesBuildPhase;
			buildActionMask = 2147483647;
			files = (
				012CF2662AB29C5F0098BAE3 /* LaunchScreen.storyboard in Resources */,
				012CF2632AB29C5F0098BAE3 /* Assets.xcassets in Resources */,
				012CF2612AB29C5D0098BAE3 /* Main.storyboard in Resources */,
			);
			runOnlyForDeploymentPostprocessing = 0;
		};
/* End PBXResourcesBuildPhase section */

/* Begin PBXShellScriptBuildPhase section */
		0E75B3C50E01A771379F2B16 /* [CP] Check Pods Manifest.lock */ = {
			isa = PBXShellScriptBuildPhase;
			buildActionMask = 2147483647;
			files = (
			);
			inputFileListPaths = (
			);
			inputPaths = (
				"${PODS_PODFILE_DIR_PATH}/Podfile.lock",
				"${PODS_ROOT}/Manifest.lock",
			);
			name = "[CP] Check Pods Manifest.lock";
			outputFileListPaths = (
			);
			outputPaths = (
				"$(DERIVED_FILE_DIR)/Pods-Runner-checkManifestLockResult.txt",
			);
			runOnlyForDeploymentPostprocessing = 0;
			shellPath = /bin/sh;
			shellScript = "diff \"${PODS_PODFILE_DIR_PATH}/Podfile.lock\" \"${PODS_ROOT}/Manifest.lock\" > /dev/null\nif [ $? != 0 ] ; then\n    # print error to STDERR\n    echo \"error: The sandbox is not in sync with the Podfile.lock. Run 'pod install' or update your CocoaPods installation.\" >&2\n    exit 1\nfi\n# This output is used by Xcode 'outputs' to avoid re-running this script phase.\necho \"SUCCESS\" > \"${SCRIPT_OUTPUT_FILE_0}\"\n";
			showEnvVarsInLog = 0;
		};
		5CD1B042D637B3A3AE1F32C8 /* [CP] Embed Pods Frameworks */ = {
			isa = PBXShellScriptBuildPhase;
			buildActionMask = 2147483647;
			files = (
			);
			inputFileListPaths = (
				"${PODS_ROOT}/Target Support Files/Pods-Runner/Pods-Runner-frameworks-${CONFIGURATION}-input-files.xcfilelist",
			);
			name = "[CP] Embed Pods Frameworks";
			outputFileListPaths = (
				"${PODS_ROOT}/Target Support Files/Pods-Runner/Pods-Runner-frameworks-${CONFIGURATION}-output-files.xcfilelist",
			);
			runOnlyForDeploymentPostprocessing = 0;
			shellPath = /bin/sh;
			shellScript = "\"${PODS_ROOT}/Target Support Files/Pods-Runner/Pods-Runner-frameworks.sh\"\n";
			showEnvVarsInLog = 0;
		};
/* End PBXShellScriptBuildPhase section */

/* Begin PBXSourcesBuildPhase section */
		012CF24F2AB29C5D0098BAE3 /* Sources */ = {
			isa = PBXSourcesBuildPhase;
			buildActionMask = 2147483647;
			files = (
				014AC86D2AB82AD500987570 /* LayttAbjectOffloadView.m in Sources */,
				014AC8572AB82AD500987570 /* BlondExtantSisterly.m in Sources */,
				014AC85E2AB82AD500987570 /* LayttLegalisticController.m in Sources */,
				014AC86C2AB82AD500987570 /* ObsConsciousCell.m in Sources */,
				014AC8592AB82AD500987570 /* GophrBakehouseWreathManager.m in Sources */,
				012CF25E2AB29C5D0098BAE3 /* ViewController.m in Sources */,
				012CF2582AB29C5D0098BAE3 /* AppDelegate.m in Sources */,
				014AC85F2AB82AD500987570 /* VrVisuallyReworkView.m in Sources */,
				014AC86E2AB82AD500987570 /* MothballTransgenderView.m in Sources */,
				014AC8542AB82AD500987570 /* DstrctiblSlatyCoccyxViewController.m in Sources */,
				014AC8562AB82AD500987570 /* AirflowConvincVainly.m in Sources */,
				014AC8682AB82AD500987570 /* TrivialityPlungView.m in Sources */,
				014AC86B2AB82AD500987570 /* PrognitorFledgeManager.m in Sources */,
				012CF2692AB29C5F0098BAE3 /* main.m in Sources */,
				012CF25B2AB29C5D0098BAE3 /* SceneDelegate.m in Sources */,
				014AC8662AB82AD500987570 /* FryNuptialsEvaluatorView.m in Sources */,
				014AC85B2AB82AD500987570 /* ObsExtantPlunkView.m in Sources */,
				014AC86A2AB82AD500987570 /* NlavndPaedophiliaZon.m in Sources */,
				014AC8582AB82AD500987570 /* VrCompellHawker.m in Sources */,
				014AC8672AB82AD500987570 /* RadicatDownscaleManager.m in Sources */,
				014AC8522AB82AD500987570 /* VrDisconcertCookeryViewController.m in Sources */,
				014AC8612AB82AD500987570 /* BlondFixCharbroilView.m in Sources */,
				014AC8622AB82AD500987570 /* NdrdonScathSubsistModel.m in Sources */,
				014AC8642AB82AD500987570 /* NlavndFixSeriouslyManager.m in Sources */,
				014AC8652AB82AD500987570 /* MothballAimlesslyCell.m in Sources */,
				014AC8532AB82AD500987570 /* StdiosDistraitManager.m in Sources */,
				014AC8552AB82AD500987570 /* GodhadSlatyDuesModel.m in Sources */,
				014AC8632AB82AD500987570 /* NdrdonEngagedSupineView.m in Sources */,
				014AC85C2AB82AD500987570 /* GophrDeftQuadrantManager.m in Sources */,
				014AC8602AB82AD500987570 /* StdiosFlipperJitteryModel.m in Sources */,
				014AC85D2AB82AD500987570 /* NionStraightenSnatchView.m in Sources */,
				014AC8692AB82AD500987570 /* LayttGeothermalGerly.m in Sources */,
				014AC85A2AB82AD500987570 /* NlavndVasodilationManager.m in Sources */,
			);
			runOnlyForDeploymentPostprocessing = 0;
		};
/* End PBXSourcesBuildPhase section */

/* Begin PBXVariantGroup section */
		012CF25F2AB29C5D0098BAE3 /* Main.storyboard */ = {
			isa = PBXVariantGroup;
			children = (
				012CF2602AB29C5D0098BAE3 /* Base */,
			);
			name = Main.storyboard;
			sourceTree = "<group>";
		};
		012CF2642AB29C5F0098BAE3 /* LaunchScreen.storyboard */ = {
			isa = PBXVariantGroup;
			children = (
				012CF2652AB29C5F0098BAE3 /* Base */,
			);
			name = LaunchScreen.storyboard;
			sourceTree = "<group>";
		};
/* End PBXVariantGroup section */

/* Begin XCBuildConfiguration section */
		012CF26A2AB29C5F0098BAE3 /* Debug */ = {
			isa = XCBuildConfiguration;
			buildSettings = {
				ALWAYS_SEARCH_USER_PATHS = NO;
				CLANG_ANALYZER_NONNULL = YES;
				CLANG_ANALYZER_NUMBER_OBJECT_CONVERSION = YES_AGGRESSIVE;
				CLANG_CXX_LANGUAGE_STANDARD = "gnu++20";
				CLANG_ENABLE_MODULES = YES;
				CLANG_ENABLE_OBJC_ARC = YES;
				CLANG_ENABLE_OBJC_WEAK = YES;
				CLANG_WARN_BLOCK_CAPTURE_AUTORELEASING = YES;
				CLANG_WARN_BOOL_CONVERSION = YES;
				CLANG_WARN_COMMA = YES;
				CLANG_WARN_CONSTANT_CONVERSION = YES;
				CLANG_WARN_DEPRECATED_OBJC_IMPLEMENTATIONS = YES;
				CLANG_WARN_DIRECT_OBJC_ISA_USAGE = YES_ERROR;
				CLANG_WARN_DOCUMENTATION_COMMENTS = YES;
				CLANG_WARN_EMPTY_BODY = YES;
				CLANG_WARN_ENUM_CONVERSION = YES;
				CLANG_WARN_INFINITE_RECURSION = YES;
				CLANG_WARN_INT_CONVERSION = YES;
				CLANG_WARN_NON_LITERAL_NULL_CONVERSION = YES;
				CLANG_WARN_OBJC_IMPLICIT_RETAIN_SELF = YES;
				CLANG_WARN_OBJC_LITERAL_CONVERSION = YES;
				CLANG_WARN_OBJC_ROOT_CLASS = YES_ERROR;
				CLANG_WARN_QUOTED_INCLUDE_IN_FRAMEWORK_HEADER = YES;
				CLANG_WARN_RANGE_LOOP_ANALYSIS = YES;
				CLANG_WARN_STRICT_PROTOTYPES = YES;
				CLANG_WARN_SUSPICIOUS_MOVE = YES;
				CLANG_WARN_UNGUARDED_AVAILABILITY = YES_AGGRESSIVE;
				CLANG_WARN_UNREACHABLE_CODE = YES;
				CLANG_WARN__DUPLICATE_METHOD_MATCH = YES;
				COPY_PHASE_STRIP = NO;
				DEBUG_INFORMATION_FORMAT = dwarf;
				ENABLE_STRICT_OBJC_MSGSEND = YES;
				ENABLE_TESTABILITY = YES;
				GCC_C_LANGUAGE_STANDARD = gnu11;
				GCC_DYNAMIC_NO_PIC = NO;
				GCC_NO_COMMON_BLOCKS = YES;
				GCC_OPTIMIZATION_LEVEL = 0;
				GCC_PREPROCESSOR_DEFINITIONS = (
					"DEBUG=1",
					"$(inherited)",
				);
				GCC_WARN_64_TO_32_BIT_CONVERSION = YES;
				GCC_WARN_ABOUT_RETURN_TYPE = YES_ERROR;
				GCC_WARN_UNDECLARED_SELECTOR = YES;
				GCC_WARN_UNINITIALIZED_AUTOS = YES_AGGRESSIVE;
				GCC_WARN_UNUSED_FUNCTION = YES;
				GCC_WARN_UNUSED_VARIABLE = YES;
				IPHONEOS_DEPLOYMENT_TARGET = 16.4;
				MTL_ENABLE_DEBUG_INFO = INCLUDE_SOURCE;
				MTL_FAST_MATH = YES;
				ONLY_ACTIVE_ARCH = YES;
				SDKROOT = iphoneos;
			};
			name = Debug;
		};
		012CF26B2AB29C5F0098BAE3 /* Release */ = {
			isa = XCBuildConfiguration;
			buildSettings = {
				ALWAYS_SEARCH_USER_PATHS = NO;
				CLANG_ANALYZER_NONNULL = YES;
				CLANG_ANALYZER_NUMBER_OBJECT_CONVERSION = YES_AGGRESSIVE;
				CLANG_CXX_LANGUAGE_STANDARD = "gnu++20";
				CLANG_ENABLE_MODULES = YES;
				CLANG_ENABLE_OBJC_ARC = YES;
				CLANG_ENABLE_OBJC_WEAK = YES;
				CLANG_WARN_BLOCK_CAPTURE_AUTORELEASING = YES;
				CLANG_WARN_BOOL_CONVERSION = YES;
				CLANG_WARN_COMMA = YES;
				CLANG_WARN_CONSTANT_CONVERSION = YES;
				CLANG_WARN_DEPRECATED_OBJC_IMPLEMENTATIONS = YES;
				CLANG_WARN_DIRECT_OBJC_ISA_USAGE = YES_ERROR;
				CLANG_WARN_DOCUMENTATION_COMMENTS = YES;
				CLANG_WARN_EMPTY_BODY = YES;
				CLANG_WARN_ENUM_CONVERSION = YES;
				CLANG_WARN_INFINITE_RECURSION = YES;
				CLANG_WARN_INT_CONVERSION = YES;
				CLANG_WARN_NON_LITERAL_NULL_CONVERSION = YES;
				CLANG_WARN_OBJC_IMPLICIT_RETAIN_SELF = YES;
				CLANG_WARN_OBJC_LITERAL_CONVERSION = YES;
				CLANG_WARN_OBJC_ROOT_CLASS = YES_ERROR;
				CLANG_WARN_QUOTED_INCLUDE_IN_FRAMEWORK_HEADER = YES;
				CLANG_WARN_RANGE_LOOP_ANALYSIS = YES;
				CLANG_WARN_STRICT_PROTOTYPES = YES;
				CLANG_WARN_SUSPICIOUS_MOVE = YES;
				CLANG_WARN_UNGUARDED_AVAILABILITY = YES_AGGRESSIVE;
				CLANG_WARN_UNREACHABLE_CODE = YES;
				CLANG_WARN__DUPLICATE_METHOD_MATCH = YES;
				COPY_PHASE_STRIP = NO;
				DEBUG_INFORMATION_FORMAT = "dwarf-with-dsym";
				ENABLE_NS_ASSERTIONS = NO;
				ENABLE_STRICT_OBJC_MSGSEND = YES;
				GCC_C_LANGUAGE_STANDARD = gnu11;
				GCC_NO_COMMON_BLOCKS = YES;
				GCC_WARN_64_TO_32_BIT_CONVERSION = YES;
				GCC_WARN_ABOUT_RETURN_TYPE = YES_ERROR;
				GCC_WARN_UNDECLARED_SELECTOR = YES;
				GCC_WARN_UNINITIALIZED_AUTOS = YES_AGGRESSIVE;
				GCC_WARN_UNUSED_FUNCTION = YES;
				GCC_WARN_UNUSED_VARIABLE = YES;
				IPHONEOS_DEPLOYMENT_TARGET = 16.4;
				MTL_ENABLE_DEBUG_INFO = NO;
				MTL_FAST_MATH = YES;
				SDKROOT = iphoneos;
				VALIDATE_PRODUCT = YES;
			};
			name = Release;
		};
		012CF26D2AB29C5F0098BAE3 /* Debug */ = {
			isa = XCBuildConfiguration;
			baseConfigurationReference = 5A05D6E401300E8D195FC034 /* Pods-Runner.debug.xcconfig */;
			buildSettings = {
				ASSETCATALOG_COMPILER_APPICON_NAME = AppIcon;
				ASSETCATALOG_COMPILER_GLOBAL_ACCENT_COLOR_NAME = AccentColor;
				CODE_SIGN_STYLE = Automatic;
				CURRENT_PROJECT_VERSION = 1;
				GCC_PRECOMPILE_PREFIX_HEADER = YES;
				GCC_PREFIX_HEADER = "${SRCROOT}/PrefixHeader.pch";
				GENERATE_INFOPLIST_FILE = YES;
				INFOPLIST_FILE = Runner/Info.plist;
				INFOPLIST_KEY_UIApplicationSupportsIndirectInputEvents = YES;
				INFOPLIST_KEY_UILaunchStoryboardName = LaunchScreen;
				INFOPLIST_KEY_UIMainStoryboardFile = Main;
				INFOPLIST_KEY_UIRequiresFullScreen = YES;
				INFOPLIST_KEY_UISupportedInterfaceOrientations = "UIInterfaceOrientationLandscapeLeft UIInterfaceOrientationLandscapeRight UIInterfaceOrientationPortrait";
				IPHONEOS_DEPLOYMENT_TARGET = 12.0;
				LD_RUNPATH_SEARCH_PATHS = (
					"$(inherited)",
					"@executable_path/Frameworks",
				);
				MARKETING_VERSION = 1.0.0;
				PRODUCT_BUNDLE_IDENTIFIER = WhiteWhaleTech.Runner;
				PRODUCT_NAME = "$(TARGET_NAME)";
				SWIFT_EMIT_LOC_STRINGS = YES;
				TARGETED_DEVICE_FAMILY = "1,2";
			};
			name = Debug;
		};
		012CF26E2AB29C5F0098BAE3 /* Release */ = {
			isa = XCBuildConfiguration;
			baseConfigurationReference = 0E4CC65C7F022335ACBCF091 /* Pods-Runner.release.xcconfig */;
			buildSettings = {
				ASSETCATALOG_COMPILER_APPICON_NAME = AppIcon;
				ASSETCATALOG_COMPILER_GLOBAL_ACCENT_COLOR_NAME = AccentColor;
				CODE_SIGN_STYLE = Automatic;
				CURRENT_PROJECT_VERSION = 1;
				GCC_PRECOMPILE_PREFIX_HEADER = YES;
				GCC_PREFIX_HEADER = "${SRCROOT}/PrefixHeader.pch";
				GENERATE_INFOPLIST_FILE = YES;
				INFOPLIST_FILE = Runner/Info.plist;
				INFOPLIST_KEY_UIApplicationSupportsIndirectInputEvents = YES;
				INFOPLIST_KEY_UILaunchStoryboardName = LaunchScreen;
				INFOPLIST_KEY_UIMainStoryboardFile = Main;
				INFOPLIST_KEY_UIRequiresFullScreen = YES;
				INFOPLIST_KEY_UISupportedInterfaceOrientations = "UIInterfaceOrientationLandscapeLeft UIInterfaceOrientationLandscapeRight UIInterfaceOrientationPortrait";
				IPHONEOS_DEPLOYMENT_TARGET = 12.0;
				LD_RUNPATH_SEARCH_PATHS = (
					"$(inherited)",
					"@executable_path/Frameworks",
				);
				MARKETING_VERSION = 1.0.0;
				PRODUCT_BUNDLE_IDENTIFIER = WhiteWhaleTech.Runner;
				PRODUCT_NAME = "$(TARGET_NAME)";
				SWIFT_EMIT_LOC_STRINGS = YES;
				TARGETED_DEVICE_FAMILY = "1,2";
			};
			name = Release;
		};
/* End XCBuildConfiguration section */

/* Begin XCConfigurationList section */
		012CF24E2AB29C5D0098BAE3 /* Build configuration list for PBXProject "Runner" */ = {
			isa = XCConfigurationList;
			buildConfigurations = (
				012CF26A2AB29C5F0098BAE3 /* Debug */,
				012CF26B2AB29C5F0098BAE3 /* Release */,
			);
			defaultConfigurationIsVisible = 0;
			defaultConfigurationName = Release;
		};
		012CF26C2AB29C5F0098BAE3 /* Build configuration list for PBXNativeTarget "Runner" */ = {
			isa = XCConfigurationList;
			buildConfigurations = (
				012CF26D2AB29C5F0098BAE3 /* Debug */,
				012CF26E2AB29C5F0098BAE3 /* Release */,
			);
			defaultConfigurationIsVisible = 0;
			defaultConfigurationName = Release;
		};
/* End XCConfigurationList section */
	};
	rootObject = 012CF24B2AB29C5D0098BAE3 /* Project object */;
}
